{
  "name": "interview-commerce",
  "version": "1.0.0",
  "lockfileVersion": 3,
  "requires": true,
  "packages": {
    "": {
      "name": "interview-commerce",
      "version": "1.0.0",
      "license": "ISC",
      "dependencies": {
        "vue": "^2.6.14",
        "vue-template-compiler": "^2.6.14",
        "vuex": "^3.6.2"
      }
    },
    "node_modules/de-indent": {
      "version": "1.0.2",
      "resolved": "https://registry.npmjs.org/de-indent/-/de-indent-1.0.2.tgz",
      "integrity": "sha512-e/1zu3xH5MQryN2zdVaF0OrdNLUbvWxzMbi+iNA6Bky7l1RoP8a2fIbRocyHclXt/arDrrR6lL3TqFD9pMQTsg==",
      "license": "MIT"
    },
    "node_modules/he": {
      "version": "1.2.0",
      "resolved": "https://registry.npmjs.org/he/-/he-1.2.0.tgz",
      "integrity": "sha512-F/1DnUGPopORZi0ni+CvrCgHQ5FyEAHRLSApuYWMmrbSwoN2Mn/7k+Gl38gJnR7yyDZk6WLXwiGod1JOWNDKGw==",
      "license": "MIT",
      "bin": {
        "he": "bin/he"
      }
    },
    "node_modules/vue": {
      "version": "2.6.14",
      "resolved": "https://registry.npmjs.org/vue/-/vue-2.6.14.tgz",
      "integrity": "sha512-x2284lgYvjOMj3Za7kqzRcUSxBboHqtgRE2zlos1qWaOye5yUmHn42LB1250NJBLRwEcdrB0JRwyPTEPhfQjiQ==",
      "deprecated": "Vue 2 has reached EOL and is no longer actively maintained. See https://v2.vuejs.org/eol/ for more details.",
      "license": "MIT",
      "peer": true
    },
    "node_modules/vue-template-compiler": {
      "version": "2.6.14",
      "resolved": "https://registry.npmjs.org/vue-template-compiler/-/vue-template-compiler-2.6.14.tgz",
      "integrity": "sha512-ODQS1SyMbjKoO1JBJZojSw6FE4qnh9rIpUZn2EUT86FKizx9uH5z6uXiIrm4/Nb/gwxTi/o17ZDEGWAXHvtC7g==",
      "license": "MIT",
      "dependencies": {
        "de-indent": "^1.0.2",
        "he": "^1.1.0"
      }
    },
    "node_modules/vuex": {
      "version": "3.6.2",
      "resolved": "https://registry.npmjs.org/vuex/-/vuex-3.6.2.tgz",
      "integrity": "sha512-ETW44IqCgBpVomy520DT5jf8n0zoCac+sxWnn+hMe/CzaSejb/eVw2YToiXYX+Ex/AuHHia28vWTq4goAexFbw==",
      "license": "MIT",
      "peerDependencies": {
        "vue": "^2.0.0"
      }
    }
  }
}
